
Microsoft Visual Studio Solution File, Format Version 12.00
# Visual Studio Version 16
VisualStudioVersion = 16.0.30114.105
MinimumVisualStudioVersion = 10.0.40219.1
Project("{FAE04EC0-301F-11D3-BF4B-00C04F79EFBC}") = "R5T.Alania", "R5T.Alania\R5T.Alania.csproj", "{17C887F8-30DE-4C59-A940-3024982F18EB}"
EndProject
Project("{FAE04EC0-301F-11D3-BF4B-00C04F79EFBC}") = "R5T.Alania.Construction", "R5T.Alania.Construction\R5T.Alania.Construction.csproj", "{5AC1E028-F359-48AF-9B0D-8B469BA911A6}"
EndProject
Project("{FAE04EC0-301F-11D3-BF4B-00C04F79EFBC}") = "R5T.Alania.Testing", "R5T.Alania.Testing\R5T.Alania.Testing.csproj", "{24AC7429-503E-4019-837E-162BB84AE96C}"
EndProject
Global
	GlobalSection(SolutionConfigurationPlatforms) = preSolution
		Debug|Any CPU = Debug|Any CPU
		Debug|x64 = Debug|x64
		Debug|x86 = Debug|x86
		Release|Any CPU = Release|Any CPU
		Release|x64 = Release|x64
		Release|x86 = Release|x86
	EndGlobalSection
	GlobalSection(SolutionProperties) = preSolution
		HideSolutionNode = FALSE
	EndGlobalSection
	GlobalSection(ProjectConfigurationPlatforms) = postSolution
		{17C887F8-30DE-4C59-A940-3024982F18EB}.Debug|Any CPU.ActiveCfg = Debug|Any CPU
		{17C887F8-30DE-4C59-A940-3024982F18EB}.Debug|Any CPU.Build.0 = Debug|Any CPU
		{17C887F8-30DE-4C59-A940-3024982F18EB}.Debug|x64.ActiveCfg = Debug|Any CPU
		{17C887F8-30DE-4C59-A940-3024982F18EB}.Debug|x64.Build.0 = Debug|Any CPU
		{17C887F8-30DE-4C59-A940-3024982F18EB}.Debug|x86.ActiveCfg = Debug|Any CPU
		{17C887F8-30DE-4C59-A940-3024982F18EB}.Debug|x86.Build.0 = Debug|Any CPU
		{17C887F8-30DE-4C59-A940-3024982F18EB}.Release|Any CPU.ActiveCfg = Release|Any CPU
		{17C887F8-30DE-4C59-A940-3024982F18EB}.Release|Any CPU.Build.0 = Release|Any CPU
		{17C887F8-30DE-4C59-A940-3024982F18EB}.Release|x64.ActiveCfg = Release|Any CPU
		{17C887F8-30DE-4C59-A940-3024982F18EB}.Release|x64.Build.0 = Release|Any CPU
		{17C887F8-30DE-4C59-A940-3024982F18EB}.Release|x86.ActiveCfg = Release|Any CPU
		{17C887F8-30DE-4C59-A940-3024982F18EB}.Release|x86.Build.0 = Release|Any CPU
		{5AC1E028-F359-48AF-9B0D-8B469BA911A6}.Debug|Any CPU.ActiveCfg = Debug|Any CPU
		{5AC1E028-F359-48AF-9B0D-8B469BA911A6}.Debug|Any CPU.Build.0 = Debug|Any CPU
		{5AC1E028-F359-48AF-9B0D-8B469BA911A6}.Debug|x64.ActiveCfg = Debug|Any CPU
		{5AC1E028-F359-48AF-9B0D-8B469BA911A6}.Debug|x64.Build.0 = Debug|Any CPU
		{5AC1E028-F359-48AF-9B0D-8B469BA911A6}.Debug|x86.ActiveCfg = Debug|Any CPU
		{5AC1E028-F359-48AF-9B0D-8B469BA911A6}.Debug|x86.Build.0 = Debug|Any CPU
		{5AC1E028-F359-48AF-9B0D-8B469BA911A6}.Release|Any CPU.ActiveCfg = Release|Any CPU
		{5AC1E028-F359-48AF-9B0D-8B469BA911A6}.Release|Any CPU.Build.0 = Release|Any CPU
		{5AC1E028-F359-48AF-9B0D-8B469BA911A6}.Release|x64.ActiveCfg = Release|Any CPU
		{5AC1E028-F359-48AF-9B0D-8B469BA911A6}.Release|x64.Build.0 = Release|Any CPU
		{5AC1E028-F359-48AF-9B0D-8B469BA911A6}.Release|x86.ActiveCfg = Release|Any CPU
		{5AC1E028-F359-48AF-9B0D-8B469BA911A6}.Release|x86.Build.0 = Release|Any CPU
		{24AC7429-503E-4019-837E-162BB84AE96C}.Debug|Any CPU.ActiveCfg = Debug|Any CPU
		{24AC7429-503E-4019-837E-162BB84AE96C}.Debug|Any CPU.Build.0 = Debug|Any CPU
		{24AC7429-503E-4019-837E-162BB84AE96C}.Debug|x64.ActiveCfg = Debug|Any CPU
		{24AC7429-503E-4019-837E-162BB84AE96C}.Debug|x64.Build.0 = Debug|Any CPU
		{24AC7429-503E-4019-837E-162BB84AE96C}.Debug|x86.ActiveCfg = Debug|Any CPU
		{24AC7429-503E-4019-837E-162BB84AE96C}.Debug|x86.Build.0 = Debug|Any CPU
		{24AC7429-503E-4019-837E-162BB84AE96C}.Release|Any CPU.ActiveCfg = Release|Any CPU
		{24AC7429-503E-4019-837E-162BB84AE96C}.Release|Any CPU.Build.0 = Release|Any CPU
		{24AC7429-503E-4019-837E-162BB84AE96C}.Release|x64.ActiveCfg = Release|Any CPU
		{24AC7429-503E-4019-837E-162BB84AE96C}.Release|x64.Build.0 = Release|Any CPU
		{24AC7429-503E-4019-837E-162BB84AE96C}.Release|x86.ActiveCfg = Release|Any CPU
		{24AC7429-503E-4019-837E-162BB84AE96C}.Release|x86.Build.0 = Release|Any CPU
	EndGlobalSection
EndGlobal
